{
  "lockfileVersion": 0,
  "workspaces": {
    "": {
      "devDependencies": {
        "@types/bun": "latest",
        "@types/tampermonkey": "^5.0.4",
        "minimist": "^1.2.8",
      },
      "peerDependencies": {
        "typescript": "^5.0.0",
      },
    },
    "packages/auto-scroll": {
      "name": "auto-scroll",
      "version": "1.0.1",
    },
  },
  "packages": {
    "@types/bun": ["@types/bun@1.1.14", "https://registry.npmmirror.com/@types/bun/-/bun-1.1.14.tgz", { "dependencies": { "bun-types": "1.1.37" } }, "sha512-opVYiFGtO2af0dnWBdZWlioLBoxSdDO5qokaazLhq8XQtGZbY4pY3/JxY8Zdf/hEwGubbp7ErZXoN1+h2yesxA=="],

    "@types/node": ["@types/node@20.12.14", "https://registry.npmmirror.com/@types/node/-/node-20.12.14.tgz", { "dependencies": { "undici-types": "~5.26.4" } }, "sha512-scnD59RpYD91xngrQQLGkE+6UrHUPzeKZWhhjBSa3HSkwjbQc38+q3RoIVEwxQGRw3M+j5hpNAM+lgV3cVormg=="],

    "@types/tampermonkey": ["@types/tampermonkey@5.0.4", "https://registry.npmmirror.com/@types/tampermonkey/-/tampermonkey-5.0.4.tgz", {}, "sha512-HEJ0O5CkDZSwIgd9Zip4xM8o7gZC8zBmJuH1YEXNINIC+aCWEXD10pnpo3NQG5IWHx+Xr4fMSGq1jqeKXH2lpA=="],

    "@types/ws": ["@types/ws@8.5.13", "https://registry.npmmirror.com/@types/ws/-/ws-8.5.13.tgz", { "dependencies": { "@types/node": "*" } }, "sha512-osM/gWBTPKgHV8XkTunnegTRIsvF6owmf5w+JtAfOw472dptdm0dlGv4xCt6GwQRcC2XVOvvRE/0bAoQcL2QkA=="],

    "auto-scroll": ["auto-scroll@workspace:packages/auto-scroll", {}],

    "bun-types": ["bun-types@1.1.37", "https://registry.npmmirror.com/bun-types/-/bun-types-1.1.37.tgz", { "dependencies": { "@types/node": "~20.12.8", "@types/ws": "~8.5.10" } }, "sha512-C65lv6eBr3LPJWFZ2gswyrGZ82ljnH8flVE03xeXxKhi2ZGtFiO4isRKTKnitbSqtRAcaqYSR6djt1whI66AbA=="],

    "minimist": ["minimist@1.2.8", "https://registry.npmmirror.com/minimist/-/minimist-1.2.8.tgz", {}, "sha512-2yyAR8qBkN3YuheJanUpWC5U3bb5osDywNB8RzDVlDwDHbocAJveqqj1u8+SVD7jkWT4yvsHCpWqqWqAxb0zCA=="],

    "typescript": ["typescript@5.7.2", "https://registry.npmmirror.com/typescript/-/typescript-5.7.2.tgz", { "bin": { "tsc": "bin/tsc", "tsserver": "bin/tsserver" } }, "sha512-i5t66RHxDvVN40HfDd1PsEThGNnlMCMT3jMUuoh9/0TaqWevNontacunWyN02LA9/fIbEWlcHZcgTKb9QoaLfg=="],

    "undici-types": ["undici-types@5.26.5", "https://registry.npmmirror.com/undici-types/-/undici-types-5.26.5.tgz", {}, "sha512-JlCMO+ehdEIKqlFxk6IfVoAUVmgz7cU7zD/h9XZ0qzeosSHmUJVOzSQvvYSYWXkFXC+IfLKSIffhv0sVZup6pA=="],
  }
}
